
Microsoft Visual Studio Solution File, Format Version 12.00
# Visual Studio Version 17
VisualStudioVersion = 17.2.32505.173
MinimumVisualStudioVersion = 10.0.40219.1
Project("{FAE04EC0-301F-11D3-BF4B-00C04F79EFBC}") = "PVentaRest.Android", "PVentaRest.Android\PVentaRest.Android.csproj", "{4D7B76D9-281B-4F35-9958-692C9AF41972}"
EndProject
Project("{FAE04EC0-301F-11D3-BF4B-00C04F79EFBC}") = "PVentaRest.iOS", "PVentaRest.iOS\PVentaRest.iOS.csproj", "{52A10FD7-8134-46EC-9D63-2EFAD8CCB798}"
EndProject
Project("{FAE04EC0-301F-11D3-BF4B-00C04F79EFBC}") = "PVentaRest", "PVentaRest\PVentaRest.csproj", "{C09C1D75-6041-44FC-A0B4-37BC21A1AF0C}"
EndProject
Global
	GlobalSection(SolutionConfigurationPlatforms) = preSolution
		Debug|Any CPU = Debug|Any CPU
		Debug|iPhone = Debug|iPhone
		Debug|iPhoneSimulator = Debug|iPhoneSimulator
		Release|Any CPU = Release|Any CPU
		Release|iPhone = Release|iPhone
		Release|iPhoneSimulator = Release|iPhoneSimulator
	EndGlobalSection
	GlobalSection(ProjectConfigurationPlatforms) = postSolution
		{4D7B76D9-281B-4F35-9958-692C9AF41972}.Debug|Any CPU.ActiveCfg = Debug|Any CPU
		{4D7B76D9-281B-4F35-9958-692C9AF41972}.Debug|Any CPU.Build.0 = Debug|Any CPU
		{4D7B76D9-281B-4F35-9958-692C9AF41972}.Debug|Any CPU.Deploy.0 = Debug|Any CPU
		{4D7B76D9-281B-4F35-9958-692C9AF41972}.Debug|iPhone.ActiveCfg = Debug|Any CPU
		{4D7B76D9-281B-4F35-9958-692C9AF41972}.Debug|iPhone.Build.0 = Debug|Any CPU
		{4D7B76D9-281B-4F35-9958-692C9AF41972}.Debug|iPhone.Deploy.0 = Debug|Any CPU
		{4D7B76D9-281B-4F35-9958-692C9AF41972}.Debug|iPhoneSimulator.ActiveCfg = Debug|Any CPU
		{4D7B76D9-281B-4F35-9958-692C9AF41972}.Debug|iPhoneSimulator.Build.0 = Debug|Any CPU
		{4D7B76D9-281B-4F35-9958-692C9AF41972}.Debug|iPhoneSimulator.Deploy.0 = Debug|Any CPU
		{4D7B76D9-281B-4F35-9958-692C9AF41972}.Release|Any CPU.ActiveCfg = Release|Any CPU
		{4D7B76D9-281B-4F35-9958-692C9AF41972}.Release|Any CPU.Build.0 = Release|Any CPU
		{4D7B76D9-281B-4F35-9958-692C9AF41972}.Release|Any CPU.Deploy.0 = Release|Any CPU
		{4D7B76D9-281B-4F35-9958-692C9AF41972}.Release|iPhone.ActiveCfg = Release|Any CPU
		{4D7B76D9-281B-4F35-9958-692C9AF41972}.Release|iPhone.Build.0 = Release|Any CPU
		{4D7B76D9-281B-4F35-9958-692C9AF41972}.Release|iPhone.Deploy.0 = Release|Any CPU
		{4D7B76D9-281B-4F35-9958-692C9AF41972}.Release|iPhoneSimulator.ActiveCfg = Release|Any CPU
		{4D7B76D9-281B-4F35-9958-692C9AF41972}.Release|iPhoneSimulator.Build.0 = Release|Any CPU
		{4D7B76D9-281B-4F35-9958-692C9AF41972}.Release|iPhoneSimulator.Deploy.0 = Release|Any CPU
		{52A10FD7-8134-46EC-9D63-2EFAD8CCB798}.Debug|Any CPU.ActiveCfg = Debug|iPhone
		{52A10FD7-8134-46EC-9D63-2EFAD8CCB798}.Debug|Any CPU.Build.0 = Debug|iPhone
		{52A10FD7-8134-46EC-9D63-2EFAD8CCB798}.Debug|Any CPU.Deploy.0 = Debug|iPhone
		{52A10FD7-8134-46EC-9D63-2EFAD8CCB798}.Debug|iPhone.ActiveCfg = Debug|iPhone
		{52A10FD7-8134-46EC-9D63-2EFAD8CCB798}.Debug|iPhone.Build.0 = Debug|iPhone
		{52A10FD7-8134-46EC-9D63-2EFAD8CCB798}.Debug|iPhone.Deploy.0 = Debug|iPhone
		{52A10FD7-8134-46EC-9D63-2EFAD8CCB798}.Debug|iPhoneSimulator.ActiveCfg = Debug|iPhoneSimulator
		{52A10FD7-8134-46EC-9D63-2EFAD8CCB798}.Debug|iPhoneSimulator.Build.0 = Debug|iPhoneSimulator
		{52A10FD7-8134-46EC-9D63-2EFAD8CCB798}.Debug|iPhoneSimulator.Deploy.0 = Debug|iPhoneSimulator
		{52A10FD7-8134-46EC-9D63-2EFAD8CCB798}.Release|Any CPU.ActiveCfg = Release|iPhoneSimulator
		{52A10FD7-8134-46EC-9D63-2EFAD8CCB798}.Release|Any CPU.Build.0 = Release|iPhoneSimulator
		{52A10FD7-8134-46EC-9D63-2EFAD8CCB798}.Release|Any CPU.Deploy.0 = Release|iPhoneSimulator
		{52A10FD7-8134-46EC-9D63-2EFAD8CCB798}.Release|iPhone.ActiveCfg = Release|iPhone
		{52A10FD7-8134-46EC-9D63-2EFAD8CCB798}.Release|iPhone.Build.0 = Release|iPhone
		{52A10FD7-8134-46EC-9D63-2EFAD8CCB798}.Release|iPhone.Deploy.0 = Release|iPhone
		{52A10FD7-8134-46EC-9D63-2EFAD8CCB798}.Release|iPhoneSimulator.ActiveCfg = Release|iPhoneSimulator
		{52A10FD7-8134-46EC-9D63-2EFAD8CCB798}.Release|iPhoneSimulator.Build.0 = Release|iPhoneSimulator
		{52A10FD7-8134-46EC-9D63-2EFAD8CCB798}.Release|iPhoneSimulator.Deploy.0 = Release|iPhoneSimulator
		{C09C1D75-6041-44FC-A0B4-37BC21A1AF0C}.Debug|Any CPU.ActiveCfg = Debug|Any CPU
		{C09C1D75-6041-44FC-A0B4-37BC21A1AF0C}.Debug|Any CPU.Build.0 = Debug|Any CPU
		{C09C1D75-6041-44FC-A0B4-37BC21A1AF0C}.Debug|Any CPU.Deploy.0 = Debug|Any CPU
		{C09C1D75-6041-44FC-A0B4-37BC21A1AF0C}.Debug|iPhone.ActiveCfg = Debug|Any CPU
		{C09C1D75-6041-44FC-A0B4-37BC21A1AF0C}.Debug|iPhone.Build.0 = Debug|Any CPU
		{C09C1D75-6041-44FC-A0B4-37BC21A1AF0C}.Debug|iPhone.Deploy.0 = Debug|Any CPU
		{C09C1D75-6041-44FC-A0B4-37BC21A1AF0C}.Debug|iPhoneSimulator.ActiveCfg = Debug|Any CPU
		{C09C1D75-6041-44FC-A0B4-37BC21A1AF0C}.Debug|iPhoneSimulator.Build.0 = Debug|Any CPU
		{C09C1D75-6041-44FC-A0B4-37BC21A1AF0C}.Debug|iPhoneSimulator.Deploy.0 = Debug|Any CPU
		{C09C1D75-6041-44FC-A0B4-37BC21A1AF0C}.Release|Any CPU.ActiveCfg = Release|Any CPU
		{C09C1D75-6041-44FC-A0B4-37BC21A1AF0C}.Release|Any CPU.Build.0 = Release|Any CPU
		{C09C1D75-6041-44FC-A0B4-37BC21A1AF0C}.Release|Any CPU.Deploy.0 = Release|Any CPU
		{C09C1D75-6041-44FC-A0B4-37BC21A1AF0C}.Release|iPhone.ActiveCfg = Release|Any CPU
		{C09C1D75-6041-44FC-A0B4-37BC21A1AF0C}.Release|iPhone.Build.0 = Release|Any CPU
		{C09C1D75-6041-44FC-A0B4-37BC21A1AF0C}.Release|iPhone.Deploy.0 = Release|Any CPU
		{C09C1D75-6041-44FC-A0B4-37BC21A1AF0C}.Release|iPhoneSimulator.ActiveCfg = Release|Any CPU
		{C09C1D75-6041-44FC-A0B4-37BC21A1AF0C}.Release|iPhoneSimulator.Build.0 = Release|Any CPU
		{C09C1D75-6041-44FC-A0B4-37BC21A1AF0C}.Release|iPhoneSimulator.Deploy.0 = Release|Any CPU
	EndGlobalSection
	GlobalSection(SolutionProperties) = preSolution
		HideSolutionNode = FALSE
	EndGlobalSection
	GlobalSection(ExtensibilityGlobals) = postSolution
		SolutionGuid = {20D2EB9A-5A74-4F33-8048-B41EAA5F8399}
	EndGlobalSection
EndGlobal
